
Microsoft Visual Studio Solution File, Format Version 12.00
# Visual Studio Version 17
VisualStudioVersion = 17.6.33815.320
MinimumVisualStudioVersion = 10.0.40219.1
Project("{FAE04EC0-301F-11D3-BF4B-00C04F79EFBC}") = "Assign11", "Assign11\Assign11.csproj", "{413482BF-6E5E-4C71-8BC6-BBCF38CEACED}"
EndProject
Global
	GlobalSection(SolutionConfigurationPlatforms) = preSolution
		Debug|Any CPU = Debug|Any CPU
		Release|Any CPU = Release|Any CPU
	EndGlobalSection
	GlobalSection(ProjectConfigurationPlatforms) = postSolution
		{413482BF-6E5E-4C71-8BC6-BBCF38CEACED}.Debug|Any CPU.ActiveCfg = Debug|Any CPU
		{413482BF-6E5E-4C71-8BC6-BBCF38CEACED}.Debug|Any CPU.Build.0 = Debug|Any CPU
		{413482BF-6E5E-4C71-8BC6-BBCF38CEACED}.Release|Any CPU.ActiveCfg = Release|Any CPU
		{413482BF-6E5E-4C71-8BC6-BBCF38CEACED}.Release|Any CPU.Build.0 = Release|Any CPU
	EndGlobalSection
	GlobalSection(SolutionProperties) = preSolution
		HideSolutionNode = FALSE
	EndGlobalSection
	GlobalSection(ExtensibilityGlobals) = postSolution
		SolutionGuid = {DE774EB8-47C6-4433-93BC-886EE76CDC9D}
	EndGlobalSection
EndGlobal
